
Microsoft Visual Studio Solution File, Format Version 12.00
# Visual Studio Version 17
VisualStudioVersion = 17.0.32112.339
MinimumVisualStudioVersion = 10.0.40219.1
Project("{FAE04EC0-301F-11D3-BF4B-00C04F79EFBC}") = "GoCedroAPI", "GoCedroAPI\GoCedroAPI.csproj", "{C3B658D2-89E0-4562-8047-47729FFF8B86}"
EndProject
Global
	GlobalSection(SolutionConfigurationPlatforms) = preSolution
		Debug|Any CPU = Debug|Any CPU
		Release|Any CPU = Release|Any CPU
	EndGlobalSection
	GlobalSection(ProjectConfigurationPlatforms) = postSolution
		{C3B658D2-89E0-4562-8047-47729FFF8B86}.Debug|Any CPU.ActiveCfg = Debug|Any CPU
		{C3B658D2-89E0-4562-8047-47729FFF8B86}.Debug|Any CPU.Build.0 = Debug|Any CPU
		{C3B658D2-89E0-4562-8047-47729FFF8B86}.Release|Any CPU.ActiveCfg = Release|Any CPU
		{C3B658D2-89E0-4562-8047-47729FFF8B86}.Release|Any CPU.Build.0 = Release|Any CPU
	EndGlobalSection
	GlobalSection(SolutionProperties) = preSolution
		HideSolutionNode = FALSE
	EndGlobalSection
	GlobalSection(ExtensibilityGlobals) = postSolution
		SolutionGuid = {7C8FFB67-A5F3-4EF5-A99E-A2E6BC0FE96E}
	EndGlobalSection
EndGlobal
